
Microsoft Visual Studio Solution File, Format Version 12.00
# Visual Studio Version 17
VisualStudioVersion = 17.0.32014.148
MinimumVisualStudioVersion = 10.0.40219.1
Project("{FAE04EC0-301F-11D3-BF4B-00C04F79EFBC}") = "WM2_C1", "WM2_C1\WM2_C1.csproj", "{C8FCD516-9364-43E5-A81C-8E73ECE1936A}"
EndProject
Global
	GlobalSection(SolutionConfigurationPlatforms) = preSolution
		Debug|Any CPU = Debug|Any CPU
		Release|Any CPU = Release|Any CPU
	EndGlobalSection
	GlobalSection(ProjectConfigurationPlatforms) = postSolution
		{C8FCD516-9364-43E5-A81C-8E73ECE1936A}.Debug|Any CPU.ActiveCfg = Debug|Any CPU
		{C8FCD516-9364-43E5-A81C-8E73ECE1936A}.Debug|Any CPU.Build.0 = Debug|Any CPU
		{C8FCD516-9364-43E5-A81C-8E73ECE1936A}.Release|Any CPU.ActiveCfg = Release|Any CPU
		{C8FCD516-9364-43E5-A81C-8E73ECE1936A}.Release|Any CPU.Build.0 = Release|Any CPU
	EndGlobalSection
	GlobalSection(SolutionProperties) = preSolution
		HideSolutionNode = FALSE
	EndGlobalSection
	GlobalSection(ExtensibilityGlobals) = postSolution
		SolutionGuid = {6A87FF45-32F7-4E99-9B9D-BAC49A230F4B}
	EndGlobalSection
EndGlobal
